// !$*UTF8*$!
{
	archiveVersion = 1;
	classes = {
	};
	objectVersion = 50;
	objects = {

/* Begin PBXBuildFile section */
		655DFB8D23EDC27D006E6FB9 /* AppDelegate.swift in Sources */ = {isa = PBXBuildFile; fileRef = 655DFB8C23EDC27D006E6FB9 /* AppDelegate.swift */; };
		655DFB8F23EDC27D006E6FB9 /* SceneDelegate.swift in Sources */ = {isa = PBXBuildFile; fileRef = 655DFB8E23EDC27D006E6FB9 /* SceneDelegate.swift */; };
		655DFB9423EDC27D006E6FB9 /* Main.storyboard in Resources */ = {isa = PBXBuildFile; fileRef = 655DFB9223EDC27D006E6FB9 /* Main.storyboard */; };
		655DFB9623EDC27E006E6FB9 /* Assets.xcassets in Resources */ = {isa = PBXBuildFile; fileRef = 655DFB9523EDC27E006E6FB9 /* Assets.xcassets */; };
		655DFB9923EDC27E006E6FB9 /* LaunchScreen.storyboard in Resources */ = {isa = PBXBuildFile; fileRef = 655DFB9723EDC27E006E6FB9 /* LaunchScreen.storyboard */; };
		655DFBA723EDC36F006E6FB9 /* Contact.swift in Sources */ = {isa = PBXBuildFile; fileRef = 655DFBA623EDC36F006E6FB9 /* Contact.swift */; };
		655DFBAB23EDC3B6006E6FB9 /* CloudKit.framework in Frameworks */ = {isa = PBXBuildFile; fileRef = 655DFBAA23EDC3B6006E6FB9 /* CloudKit.framework */; };
		655DFBAD23EDC824006E6FB9 /* ContactController.swift in Sources */ = {isa = PBXBuildFile; fileRef = 655DFBAC23EDC824006E6FB9 /* ContactController.swift */; };
/* End PBXBuildFile section */

/* Begin PBXFileReference section */
		655DFB8923EDC27D006E6FB9 /* Contacts.app */ = {isa = PBXFileReference; explicitFileType = wrapper.application; includeInIndex = 0; path = Contacts.app; sourceTree = BUILT_PRODUCTS_DIR; };
		655DFB8C23EDC27D006E6FB9 /* AppDelegate.swift */ = {isa = PBXFileReference; lastKnownFileType = sourcecode.swift; path = AppDelegate.swift; sourceTree = "<group>"; };
		655DFB8E23EDC27D006E6FB9 /* SceneDelegate.swift */ = {isa = PBXFileReference; lastKnownFileType = sourcecode.swift; path = SceneDelegate.swift; sourceTree = "<group>"; };
		655DFB9323EDC27D006E6FB9 /* Base */ = {isa = PBXFileReference; lastKnownFileType = file.storyboard; name = Base; path = Base.lproj/Main.storyboard; sourceTree = "<group>"; };
		655DFB9523EDC27E006E6FB9 /* Assets.xcassets */ = {isa = PBXFileReference; lastKnownFileType = folder.assetcatalog; path = Assets.xcassets; sourceTree = "<group>"; };
		655DFB9823EDC27E006E6FB9 /* Base */ = {isa = PBXFileReference; lastKnownFileType = file.storyboard; name = Base; path = Base.lproj/LaunchScreen.storyboard; sourceTree = "<group>"; };
		655DFB9A23EDC27E006E6FB9 /* Info.plist */ = {isa = PBXFileReference; lastKnownFileType = text.plist.xml; path = Info.plist; sourceTree = "<group>"; };
		655DFBA623EDC36F006E6FB9 /* Contact.swift */ = {isa = PBXFileReference; lastKnownFileType = sourcecode.swift; path = Contact.swift; sourceTree = "<group>"; };
		655DFBA823EDC39D006E6FB9 /* Contacts.entitlements */ = {isa = PBXFileReference; lastKnownFileType = text.plist.entitlements; path = Contacts.entitlements; sourceTree = "<group>"; };
		655DFBAA23EDC3B6006E6FB9 /* CloudKit.framework */ = {isa = PBXFileReference; lastKnownFileType = wrapper.framework; name = CloudKit.framework; path = System/Library/Frameworks/CloudKit.framework; sourceTree = SDKROOT; };
		655DFBAC23EDC824006E6FB9 /* ContactController.swift */ = {isa = PBXFileReference; lastKnownFileType = sourcecode.swift; path = ContactController.swift; sourceTree = "<group>"; };
/* End PBXFileReference section */

/* Begin PBXFrameworksBuildPhase section */
		655DFB8623EDC27D006E6FB9 /* Frameworks */ = {
			isa = PBXFrameworksBuildPhase;
			buildActionMask = 2147483647;
			files = (
				655DFBAB23EDC3B6006E6FB9 /* CloudKit.framework in Frameworks */,
			);
			runOnlyForDeploymentPostprocessing = 0;
		};
/* End PBXFrameworksBuildPhase section */

/* Begin PBXGroup section */
		655DFB8023EDC27D006E6FB9 = {
			isa = PBXGroup;
			children = (
				655DFB8B23EDC27D006E6FB9 /* Contacts */,
				655DFB8A23EDC27D006E6FB9 /* Products */,
				655DFBA923EDC3B6006E6FB9 /* Frameworks */,
			);
			sourceTree = "<group>";
		};
		655DFB8A23EDC27D006E6FB9 /* Products */ = {
			isa = PBXGroup;
			children = (
				655DFB8923EDC27D006E6FB9 /* Contacts.app */,
			);
			name = Products;
			sourceTree = "<group>";
		};
		655DFB8B23EDC27D006E6FB9 /* Contacts */ = {
			isa = PBXGroup;
			children = (
				655DFBA823EDC39D006E6FB9 /* Contacts.entitlements */,
				655DFBA523EDC366006E6FB9 /* Models */,
				655DFBA223EDC359006E6FB9 /* Controllers */,
				655DFBA123EDC353006E6FB9 /* Views */,
				655DFBA023EDC34D006E6FB9 /* Resources */,
			);
			path = Contacts;
			sourceTree = "<group>";
		};
		655DFBA023EDC34D006E6FB9 /* Resources */ = {
			isa = PBXGroup;
			children = (
				655DFB8C23EDC27D006E6FB9 /* AppDelegate.swift */,
				655DFB8E23EDC27D006E6FB9 /* SceneDelegate.swift */,
				655DFB9523EDC27E006E6FB9 /* Assets.xcassets */,
				655DFB9A23EDC27E006E6FB9 /* Info.plist */,
			);
			path = Resources;
			sourceTree = "<group>";
		};
		655DFBA123EDC353006E6FB9 /* Views */ = {
			isa = PBXGroup;
			children = (
				655DFB9223EDC27D006E6FB9 /* Main.storyboard */,
				655DFB9723EDC27E006E6FB9 /* LaunchScreen.storyboard */,
			);
			path = Views;
			sourceTree = "<group>";
		};
		655DFBA223EDC359006E6FB9 /* Controllers */ = {
			isa = PBXGroup;
			children = (
				655DFBA323EDC35E006E6FB9 /* Model Controllers */,
				655DFBA423EDC362006E6FB9 /* View Controllers */,
			);
			path = Controllers;
			sourceTree = "<group>";
		};
		655DFBA323EDC35E006E6FB9 /* Model Controllers */ = {
			isa = PBXGroup;
			children = (
				655DFBAC23EDC824006E6FB9 /* ContactController.swift */,
			);
			path = "Model Controllers";
			sourceTree = "<group>";
		};
		655DFBA423EDC362006E6FB9 /* View Controllers */ = {
			isa = PBXGroup;
			children = (
			);
			path = "View Controllers";
			sourceTree = "<group>";
		};
		655DFBA523EDC366006E6FB9 /* Models */ = {
			isa = PBXGroup;
			children = (
				655DFBA623EDC36F006E6FB9 /* Contact.swift */,
			);
			path = Models;
			sourceTree = "<group>";
		};
		655DFBA923EDC3B6006E6FB9 /* Frameworks */ = {
			isa = PBXGroup;
			children = (
				655DFBAA23EDC3B6006E6FB9 /* CloudKit.framework */,
			);
			name = Frameworks;
			sourceTree = "<group>";
		};
/* End PBXGroup section */

/* Begin PBXNativeTarget section */
		655DFB8823EDC27D006E6FB9 /* Contacts */ = {
			isa = PBXNativeTarget;
			buildConfigurationList = 655DFB9D23EDC27E006E6FB9 /* Build configuration list for PBXNativeTarget "Contacts" */;
			buildPhases = (
				655DFB8523EDC27D006E6FB9 /* Sources */,
				655DFB8623EDC27D006E6FB9 /* Frameworks */,
				655DFB8723EDC27D006E6FB9 /* Resources */,
			);
			buildRules = (
			);
			dependencies = (
			);
			name = Contacts;
			productName = Contacts;
			productReference = 655DFB8923EDC27D006E6FB9 /* Contacts.app */;
			productType = "com.apple.product-type.application";
		};
/* End PBXNativeTarget section */

/* Begin PBXProject section */
		655DFB8123EDC27D006E6FB9 /* Project object */ = {
			isa = PBXProject;
			attributes = {
				LastSwiftUpdateCheck = 1130;
				LastUpgradeCheck = 1130;
				ORGANIZATIONNAME = "Devin Singh";
				TargetAttributes = {
					655DFB8823EDC27D006E6FB9 = {
						CreatedOnToolsVersion = 11.3.1;
					};
				};
			};
			buildConfigurationList = 655DFB8423EDC27D006E6FB9 /* Build configuration list for PBXProject "Contacts" */;
			compatibilityVersion = "Xcode 9.3";
			developmentRegion = en;
			hasScannedForEncodings = 0;
			knownRegions = (
				en,
				Base,
			);
			mainGroup = 655DFB8023EDC27D006E6FB9;
			productRefGroup = 655DFB8A23EDC27D006E6FB9 /* Products */;
			projectDirPath = "";
			projectRoot = "";
			targets = (
				655DFB8823EDC27D006E6FB9 /* Contacts */,
			);
		};
/* End PBXProject section */

/* Begin PBXResourcesBuildPhase section */
		655DFB8723EDC27D006E6FB9 /* Resources */ = {
			isa = PBXResourcesBuildPhase;
			buildActionMask = 2147483647;
			files = (
				655DFB9923EDC27E006E6FB9 /* LaunchScreen.storyboard in Resources */,
				655DFB9623EDC27E006E6FB9 /* Assets.xcassets in Resources */,
				655DFB9423EDC27D006E6FB9 /* Main.storyboard in Resources */,
			);
			runOnlyForDeploymentPostprocessing = 0;
		};
/* End PBXResourcesBuildPhase section */

/* Begin PBXSourcesBuildPhase section */
		655DFB8523EDC27D006E6FB9 /* Sources */ = {
			isa = PBXSourcesBuildPhase;
			buildActionMask = 2147483647;
			files = (
				655DFBA723EDC36F006E6FB9 /* Contact.swift in Sources */,
				655DFBAD23EDC824006E6FB9 /* ContactController.swift in Sources */,
				655DFB8D23EDC27D006E6FB9 /* AppDelegate.swift in Sources */,
				655DFB8F23EDC27D006E6FB9 /* SceneDelegate.swift in Sources */,
			);
			runOnlyForDeploymentPostprocessing = 0;
		};
/* End PBXSourcesBuildPhase section */

/* Begin PBXVariantGroup section */
		655DFB9223EDC27D006E6FB9 /* Main.storyboard */ = {
			isa = PBXVariantGroup;
			children = (
				655DFB9323EDC27D006E6FB9 /* Base */,
			);
			name = Main.storyboard;
			sourceTree = "<group>";
		};
		655DFB9723EDC27E006E6FB9 /* LaunchScreen.storyboard */ = {
			isa = PBXVariantGroup;
			children = (
				655DFB9823EDC27E006E6FB9 /* Base */,
			);
			name = LaunchScreen.storyboard;
			sourceTree = "<group>";
		};
/* End PBXVariantGroup section */

/* Begin XCBuildConfiguration section */
		655DFB9B23EDC27E006E6FB9 /* Debug */ = {
			isa = XCBuildConfiguration;
			buildSettings = {
				ALWAYS_SEARCH_USER_PATHS = NO;
				CLANG_ANALYZER_NONNULL = YES;
				CLANG_ANALYZER_NUMBER_OBJECT_CONVERSION = YES_AGGRESSIVE;
				CLANG_CXX_LANGUAGE_STANDARD = "gnu++14";
				CLANG_CXX_LIBRARY = "libc++";
				CLANG_ENABLE_MODULES = YES;
				CLANG_ENABLE_OBJC_ARC = YES;
				CLANG_ENABLE_OBJC_WEAK = YES;
				CLANG_WARN_BLOCK_CAPTURE_AUTORELEASING = YES;
				CLANG_WARN_BOOL_CONVERSION = YES;
				CLANG_WARN_COMMA = YES;
				CLANG_WARN_CONSTANT_CONVERSION = YES;
				CLANG_WARN_DEPRECATED_OBJC_IMPLEMENTATIONS = YES;
				CLANG_WARN_DIRECT_OBJC_ISA_USAGE = YES_ERROR;
				CLANG_WARN_DOCUMENTATION_COMMENTS = YES;
				CLANG_WARN_EMPTY_BODY = YES;
				CLANG_WARN_ENUM_CONVERSION = YES;
				CLANG_WARN_INFINITE_RECURSION = YES;
				CLANG_WARN_INT_CONVERSION = YES;
				CLANG_WARN_NON_LITERAL_NULL_CONVERSION = YES;
				CLANG_WARN_OBJC_IMPLICIT_RETAIN_SELF = YES;
				CLANG_WARN_OBJC_LITERAL_CONVERSION = YES;
				CLANG_WARN_OBJC_ROOT_CLASS = YES_ERROR;
				CLANG_WARN_RANGE_LOOP_ANALYSIS = YES;
				CLANG_WARN_STRICT_PROTOTYPES = YES;
				CLANG_WARN_SUSPICIOUS_MOVE = YES;
				CLANG_WARN_UNGUARDED_AVAILABILITY = YES_AGGRESSIVE;
				CLANG_WARN_UNREACHABLE_CODE = YES;
				CLANG_WARN__DUPLICATE_METHOD_MATCH = YES;
				COPY_PHASE_STRIP = NO;
				DEBUG_INFORMATION_FORMAT = dwarf;
				ENABLE_STRICT_OBJC_MSGSEND = YES;
				ENABLE_TESTABILITY = YES;
				GCC_C_LANGUAGE_STANDARD = gnu11;
				GCC_DYNAMIC_NO_PIC = NO;
				GCC_NO_COMMON_BLOCKS = YES;
				GCC_OPTIMIZATION_LEVEL = 0;
				GCC_PREPROCESSOR_DEFINITIONS = (
					"DEBUG=1",
					"$(inherited)",
				);
				GCC_WARN_64_TO_32_BIT_CONVERSION = YES;
				GCC_WARN_ABOUT_RETURN_TYPE = YES_ERROR;
				GCC_WARN_UNDECLARED_SELECTOR = YES;
				GCC_WARN_UNINITIALIZED_AUTOS = YES_AGGRESSIVE;
				GCC_WARN_UNUSED_FUNCTION = YES;
				GCC_WARN_UNUSED_VARIABLE = YES;
				IPHONEOS_DEPLOYMENT_TARGET = 13.2;
				MTL_ENABLE_DEBUG_INFO = INCLUDE_SOURCE;
				MTL_FAST_MATH = YES;
				ONLY_ACTIVE_ARCH = YES;
				SDKROOT = iphoneos;
				SWIFT_ACTIVE_COMPILATION_CONDITIONS = DEBUG;
				SWIFT_OPTIMIZATION_LEVEL = "-Onone";
			};
			name = Debug;
		};
		655DFB9C23EDC27E006E6FB9 /* Release */ = {
			isa = XCBuildConfiguration;
			buildSettings = {
				ALWAYS_SEARCH_USER_PATHS = NO;
				CLANG_ANALYZER_NONNULL = YES;
				CLANG_ANALYZER_NUMBER_OBJECT_CONVERSION = YES_AGGRESSIVE;
				CLANG_CXX_LANGUAGE_STANDARD = "gnu++14";
				CLANG_CXX_LIBRARY = "libc++";
				CLANG_ENABLE_MODULES = YES;
				CLANG_ENABLE_OBJC_ARC = YES;
				CLANG_ENABLE_OBJC_WEAK = YES;
				CLANG_WARN_BLOCK_CAPTURE_AUTORELEASING = YES;
				CLANG_WARN_BOOL_CONVERSION = YES;
				CLANG_WARN_COMMA = YES;
				CLANG_WARN_CONSTANT_CONVERSION = YES;
				CLANG_WARN_DEPRECATED_OBJC_IMPLEMENTATIONS = YES;
				CLANG_WARN_DIRECT_OBJC_ISA_USAGE = YES_ERROR;
				CLANG_WARN_DOCUMENTATION_COMMENTS = YES;
				CLANG_WARN_EMPTY_BODY = YES;
				CLANG_WARN_ENUM_CONVERSION = YES;
				CLANG_WARN_INFINITE_RECURSION = YES;
				CLANG_WARN_INT_CONVERSION = YES;
				CLANG_WARN_NON_LITERAL_NULL_CONVERSION = YES;
				CLANG_WARN_OBJC_IMPLICIT_RETAIN_SELF = YES;
				CLANG_WARN_OBJC_LITERAL_CONVERSION = YES;
				CLANG_WARN_OBJC_ROOT_CLASS = YES_ERROR;
				CLANG_WARN_RANGE_LOOP_ANALYSIS = YES;
				CLANG_WARN_STRICT_PROTOTYPES = YES;
				CLANG_WARN_SUSPICIOUS_MOVE = YES;
				CLANG_WARN_UNGUARDED_AVAILABILITY = YES_AGGRESSIVE;
				CLANG_WARN_UNREACHABLE_CODE = YES;
				CLANG_WARN__DUPLICATE_METHOD_MATCH = YES;
				COPY_PHASE_STRIP = NO;
				DEBUG_INFORMATION_FORMAT = "dwarf-with-dsym";
				ENABLE_NS_ASSERTIONS = NO;
				ENABLE_STRICT_OBJC_MSGSEND = YES;
				GCC_C_LANGUAGE_STANDARD = gnu11;
				GCC_NO_COMMON_BLOCKS = YES;
				GCC_WARN_64_TO_32_BIT_CONVERSION = YES;
				GCC_WARN_ABOUT_RETURN_TYPE = YES_ERROR;
				GCC_WARN_UNDECLARED_SELECTOR = YES;
				GCC_WARN_UNINITIALIZED_AUTOS = YES_AGGRESSIVE;
				GCC_WARN_UNUSED_FUNCTION = YES;
				GCC_WARN_UNUSED_VARIABLE = YES;
				IPHONEOS_DEPLOYMENT_TARGET = 13.2;
				MTL_ENABLE_DEBUG_INFO = NO;
				MTL_FAST_MATH = YES;
				SDKROOT = iphoneos;
				SWIFT_COMPILATION_MODE = wholemodule;
				SWIFT_OPTIMIZATION_LEVEL = "-O";
				VALIDATE_PRODUCT = YES;
			};
			name = Release;
		};
		655DFB9E23EDC27E006E6FB9 /* Debug */ = {
			isa = XCBuildConfiguration;
			buildSettings = {
				ASSETCATALOG_COMPILER_APPICON_NAME = AppIcon;
				CODE_SIGN_ENTITLEMENTS = Contacts/Contacts.entitlements;
				CODE_SIGN_STYLE = Automatic;
				DEVELOPMENT_TEAM = J6T2JGDSTV;
				INFOPLIST_FILE = Contacts/Resources/Info.plist;
				LD_RUNPATH_SEARCH_PATHS = (
					"$(inherited)",
					"@executable_path/Frameworks",
				);
				PRODUCT_BUNDLE_IDENTIFIER = com.DevinSS.Contacts;
				PRODUCT_NAME = "$(TARGET_NAME)";
				SWIFT_VERSION = 5.0;
				TARGETED_DEVICE_FAMILY = "1,2";
			};
			name = Debug;
		};
		655DFB9F23EDC27E006E6FB9 /* Release */ = {
			isa = XCBuildConfiguration;
			buildSettings = {
				ASSETCATALOG_COMPILER_APPICON_NAME = AppIcon;
				CODE_SIGN_ENTITLEMENTS = Contacts/Contacts.entitlements;
				CODE_SIGN_STYLE = Automatic;
				DEVELOPMENT_TEAM = J6T2JGDSTV;
				INFOPLIST_FILE = Contacts/Resources/Info.plist;
				LD_RUNPATH_SEARCH_PATHS = (
					"$(inherited)",
					"@executable_path/Frameworks",
				);
				PRODUCT_BUNDLE_IDENTIFIER = com.DevinSS.Contacts;
				PRODUCT_NAME = "$(TARGET_NAME)";
				SWIFT_VERSION = 5.0;
				TARGETED_DEVICE_FAMILY = "1,2";
			};
			name = Release;
		};
/* End XCBuildConfiguration section */

/* Begin XCConfigurationList section */
		655DFB8423EDC27D006E6FB9 /* Build configuration list for PBXProject "Contacts" */ = {
			isa = XCConfigurationList;
			buildConfigurations = (
				655DFB9B23EDC27E006E6FB9 /* Debug */,
				655DFB9C23EDC27E006E6FB9 /* Release */,
			);
			defaultConfigurationIsVisible = 0;
			defaultConfigurationName = Release;
		};
		655DFB9D23EDC27E006E6FB9 /* Build configuration list for PBXNativeTarget "Contacts" */ = {
			isa = XCConfigurationList;
			buildConfigurations = (
				655DFB9E23EDC27E006E6FB9 /* Debug */,
				655DFB9F23EDC27E006E6FB9 /* Release */,
			);
			defaultConfigurationIsVisible = 0;
			defaultConfigurationName = Release;
		};
/* End XCConfigurationList section */
	};
	rootObject = 655DFB8123EDC27D006E6FB9 /* Project object */;
}
